{
  "name": "stacker-utils",
  "version": "0.2.0",
  "dependencies": {
    "bluebird": {
      "version": "2.3.11",
      "from": "bluebird@2.3.11",
      "resolved": "https://registry.npmjs.org/bluebird/-/bluebird-2.3.11.tgz"
    },
    "coffee-script": {
      "version": "1.8.0",
      "from": "coffee-script@^1.7.1",
      "resolved": "https://registry.npmjs.org/coffee-script/-/coffee-script-1.8.0.tgz",
      "dependencies": {
        "mkdirp": {
          "version": "0.3.5",
          "from": "mkdirp@0.3.5",
          "resolved": "https://registry.npmjs.org/mkdirp/-/mkdirp-0.3.5.tgz"
        }
      }
    },
    "lodash": {
      "version": "2.4.1",
      "from": "lodash@^2.4.1",
      "resolved": "https://registry.npmjs.org/lodash/-/lodash-2.4.1.tgz"
    }
  }
}
